<?xml version="1.0" encoding="utf-8"?>
<Project ToolsVersion="4.0" xmlns="http://schemas.microsoft.com/developer/msbuild/2003">
  <ItemGroup>
    <Filter Include="Source Files">
      <UniqueIdentifier>{0e7021de-ba2f-45a3-b3b5-36fc6a30ebbe}</UniqueIdentifier>
    </Filter>
    <Filter Include="Source Files\cgame">
      <UniqueIdentifier>{2e198a97-ef72-42e4-84ea-7c312f081918}</UniqueIdentifier>
    </Filter>
    <Filter Include="Source Files\cgame\win32">
      <UniqueIdentifier>{1d30caa3-cc40-480a-bf66-15c3dc537e84}</UniqueIdentifier>
    </Filter>
    <Filter Include="Source Files\cgame\cvar">
      <UniqueIdentifier>{f5075ae9-7971-40b1-89c8-51692e1dd556}</UniqueIdentifier>
    </Filter>
    <Filter Include="Source Files\bgame">
      <UniqueIdentifier>{4970179c-b476-47e6-bdac-8044211bf1e4}</UniqueIdentifier>
    </Filter>
    <Filter Include="Source Files\bgame\win32">
      <UniqueIdentifier>{bde7ccc4-4829-462a-9851-ef02214a261a}</UniqueIdentifier>
    </Filter>
    <Filter Include="Source Files\bgame\str">
      <UniqueIdentifier>{72be16c4-e69f-44ab-b2a0-dbc643e878f5}</UniqueIdentifier>
    </Filter>
    <Filter Include="Source Files\bgame\cvar">
      <UniqueIdentifier>{de1f5963-7b7a-4692-9205-a992727723ba}</UniqueIdentifier>
    </Filter>
    <Filter Include="Source Files\ui">
      <UniqueIdentifier>{9e6ea9f5-5e7e-4dd8-8e5a-58c9cfc2a814}</UniqueIdentifier>
    </Filter>
    <Filter Include="Header Files">
      <UniqueIdentifier>{0d828ad2-de54-4035-b450-992da2bdd75e}</UniqueIdentifier>
    </Filter>
    <Filter Include="Header Files\cgame">
      <UniqueIdentifier>{5faf0150-68e0-441e-a12d-40649f97ab1f}</UniqueIdentifier>
    </Filter>
    <Filter Include="Header Files\cgame\cvar">
      <UniqueIdentifier>{890dad8c-aee9-4c5f-b1d9-d5d187f0d402}</UniqueIdentifier>
    </Filter>
    <Filter Include="Header Files\bgame">
      <UniqueIdentifier>{e288ec82-ffa8-4456-8f65-3ca742cb3644}</UniqueIdentifier>
    </Filter>
    <Filter Include="Header Files\bgame\win32">
      <UniqueIdentifier>{41bdb193-86e4-4c7a-94f1-c25f8f1b20ac}</UniqueIdentifier>
    </Filter>
    <Filter Include="Header Files\bgame\cvar">
      <UniqueIdentifier>{6ea82b57-11ef-4234-a4cb-eb035b946af7}</UniqueIdentifier>
    </Filter>
    <Filter Include="Header Files\ui">
      <UniqueIdentifier>{6abbfaed-5647-492b-8fdb-7188a5d400ce}</UniqueIdentifier>
    </Filter>
  </ItemGroup>
  <ItemGroup>
    <ClCompile Include="CBulletVolume.cpp">
      <Filter>Source Files\cgame</Filter>
    </ClCompile>
    <ClCompile Include="cg_atmospheric.cpp">
      <Filter>Source Files\cgame</Filter>
    </ClCompile>
    <ClCompile Include="cg_character.cpp">
      <Filter>Source Files\cgame</Filter>
    </ClCompile>
    <ClCompile Include="cg_commandmap.cpp">
      <Filter>Source Files\cgame</Filter>
    </ClCompile>
    <ClCompile Include="cg_consolecmds.cpp">
      <Filter>Source Files\cgame</Filter>
    </ClCompile>
    <ClCompile Include="cg_debriefing.cpp">
      <Filter>Source Files\cgame</Filter>
    </ClCompile>
    <ClCompile Include="cg_draw.cpp">
      <Filter>Source Files\cgame</Filter>
    </ClCompile>
    <ClCompile Include="cg_drawtools.cpp">
      <Filter>Source Files\cgame</Filter>
    </ClCompile>
    <ClCompile Include="cg_effects.cpp">
      <Filter>Source Files\cgame</Filter>
    </ClCompile>
    <ClCompile Include="cg_ents.cpp">
      <Filter>Source Files\cgame</Filter>
    </ClCompile>
    <ClCompile Include="cg_event.cpp">
      <Filter>Source Files\cgame</Filter>
    </ClCompile>
    <ClCompile Include="cg_fireteamoverlay.cpp">
      <Filter>Source Files\cgame</Filter>
    </ClCompile>
    <ClCompile Include="cg_fireteams.cpp">
      <Filter>Source Files\cgame</Filter>
    </ClCompile>
    <ClCompile Include="cg_flamethrower.cpp">
      <Filter>Source Files\cgame</Filter>
    </ClCompile>
    <ClCompile Include="cg_info.cpp">
      <Filter>Source Files\cgame</Filter>
    </ClCompile>
    <ClCompile Include="cg_limbopanel.cpp">
      <Filter>Source Files\cgame</Filter>
    </ClCompile>
    <ClCompile Include="cg_loadpanel.cpp">
      <Filter>Source Files\cgame</Filter>
    </ClCompile>
    <ClCompile Include="cg_localents.cpp">
      <Filter>Source Files\cgame</Filter>
    </ClCompile>
    <ClCompile Include="cg_main.cpp">
      <Filter>Source Files\cgame</Filter>
    </ClCompile>
    <ClCompile Include="cg_marks.cpp">
      <Filter>Source Files\cgame</Filter>
    </ClCompile>
    <ClCompile Include="cg_missionbriefing.cpp">
      <Filter>Source Files\cgame</Filter>
    </ClCompile>
    <ClCompile Include="cg_molotov.cpp">
      <Filter>Source Files\cgame</Filter>
    </ClCompile>
    <ClCompile Include="cg_multiview.cpp">
      <Filter>Source Files\cgame</Filter>
    </ClCompile>
    <ClCompile Include="cg_newDraw.cpp">
      <Filter>Source Files\cgame</Filter>
    </ClCompile>
    <ClCompile Include="cg_particles.cpp">
      <Filter>Source Files\cgame</Filter>
    </ClCompile>
    <ClCompile Include="cg_players.cpp">
      <Filter>Source Files\cgame</Filter>
    </ClCompile>
    <ClCompile Include="cg_playerstate.cpp">
      <Filter>Source Files\cgame</Filter>
    </ClCompile>
    <ClCompile Include="cg_polybus.cpp">
      <Filter>Source Files\cgame</Filter>
    </ClCompile>
    <ClCompile Include="cg_popupmessages.cpp">
      <Filter>Source Files\cgame</Filter>
    </ClCompile>
    <ClCompile Include="cg_predict.cpp">
      <Filter>Source Files\cgame</Filter>
    </ClCompile>
    <ClCompile Include="cg_scoreboard.cpp">
      <Filter>Source Files\cgame</Filter>
    </ClCompile>
    <ClCompile Include="cg_servercmds.cpp">
      <Filter>Source Files\cgame</Filter>
    </ClCompile>
    <ClCompile Include="cg_snapshot.cpp">
      <Filter>Source Files\cgame</Filter>
    </ClCompile>
    <ClCompile Include="cg_sound.cpp">
      <Filter>Source Files\cgame</Filter>
    </ClCompile>
    <ClCompile Include="cg_spawn.cpp">
      <Filter>Source Files\cgame</Filter>
    </ClCompile>
    <ClCompile Include="cg_statsranksmedals.cpp">
      <Filter>Source Files\cgame</Filter>
    </ClCompile>
    <ClCompile Include="cg_syscalls.cpp">
      <Filter>Source Files\cgame</Filter>
    </ClCompile>
    <ClCompile Include="cg_text.cpp">
      <Filter>Source Files\cgame</Filter>
    </ClCompile>
    <ClCompile Include="cg_trails.cpp">
      <Filter>Source Files\cgame</Filter>
    </ClCompile>
    <ClCompile Include="cg_view.cpp">
      <Filter>Source Files\cgame</Filter>
    </ClCompile>
    <ClCompile Include="cg_weapons.cpp">
      <Filter>Source Files\cgame</Filter>
    </ClCompile>
    <ClCompile Include="cg_window.cpp">
      <Filter>Source Files\cgame</Filter>
    </ClCompile>
    <ClCompile Include="CHitVolume.cpp">
      <Filter>Source Files\cgame</Filter>
    </ClCompile>
    <ClCompile Include="Console.cpp">
      <Filter>Source Files\cgame</Filter>
    </ClCompile>
    <ClCompile Include="Engine.cpp">
      <Filter>Source Files\cgame</Filter>
    </ClCompile>
    <ClCompile Include="Font.cpp">
      <Filter>Source Files\cgame</Filter>
    </ClCompile>
    <ClCompile Include="Location.cpp">
      <Filter>Source Files\cgame</Filter>
    </ClCompile>
    <ClCompile Include="LocationDB.cpp">
      <Filter>Source Files\cgame</Filter>
    </ClCompile>
    <ClCompile Include="static.cpp">
      <Filter>Source Files\cgame</Filter>
    </ClCompile>
    <ClCompile Include="win32\cg_hardware.cpp">
      <Filter>Source Files\cgame\win32</Filter>
    </ClCompile>
    <ClCompile Include="cvar\Cvar.cpp">
      <Filter>Source Files\cgame\cvar</Filter>
    </ClCompile>
    <ClCompile Include="cvar\util.cpp">
      <Filter>Source Files\cgame\cvar</Filter>
    </ClCompile>
    <ClCompile Include="..\bgame\bg_animation.cpp">
      <Filter>Source Files\bgame</Filter>
    </ClCompile>
    <ClCompile Include="..\bgame\bg_animgroup.cpp">
      <Filter>Source Files\bgame</Filter>
    </ClCompile>
    <ClCompile Include="..\bgame\bg_attack2.cpp">
      <Filter>Source Files\bgame</Filter>
    </ClCompile>
    <ClCompile Include="..\bgame\bg_campaign.cpp">
      <Filter>Source Files\bgame</Filter>
    </ClCompile>
    <ClCompile Include="..\bgame\bg_character.cpp">
      <Filter>Source Files\bgame</Filter>
    </ClCompile>
    <ClCompile Include="..\bgame\bg_classes.cpp">
      <Filter>Source Files\bgame</Filter>
    </ClCompile>
    <ClCompile Include="..\bgame\bg_jaymod.cpp">
      <Filter>Source Files\bgame</Filter>
    </ClCompile>
    <ClCompile Include="..\bgame\bg_misc.cpp">
      <Filter>Source Files\bgame</Filter>
    </ClCompile>
    <ClCompile Include="..\bgame\bg_molotov.cpp">
      <Filter>Source Files\bgame</Filter>
    </ClCompile>
    <ClCompile Include="..\bgame\bg_pmove.cpp">
      <Filter>Source Files\bgame</Filter>
    </ClCompile>
    <ClCompile Include="..\bgame\bg_slidemove.cpp">
      <Filter>Source Files\bgame</Filter>
    </ClCompile>
    <ClCompile Include="..\bgame\bg_sscript.cpp">
      <Filter>Source Files\bgame</Filter>
    </ClCompile>
    <ClCompile Include="..\bgame\bg_stats.cpp">
      <Filter>Source Files\bgame</Filter>
    </ClCompile>
    <ClCompile Include="..\bgame\bg_tracemap.cpp">
      <Filter>Source Files\bgame</Filter>
    </ClCompile>
    <ClCompile Include="..\bgame\Engine.cpp">
      <Filter>Source Files\bgame</Filter>
    </ClCompile>
    <ClCompile Include="..\bgame\Logger.cpp">
      <Filter>Source Files\bgame</Filter>
    </ClCompile>
    <ClCompile Include="..\bgame\Process.cpp">
      <Filter>Source Files\bgame</Filter>
    </ClCompile>
    <ClCompile Include="..\bgame\q_math.cpp">
      <Filter>Source Files\bgame</Filter>
    </ClCompile>
    <ClCompile Include="..\bgame\q_shared.cpp">
      <Filter>Source Files\bgame</Filter>
    </ClCompile>
    <ClCompile Include="..\bgame\SampledStat.cpp">
      <Filter>Source Files\bgame</Filter>
    </ClCompile>
    <ClCompile Include="..\bgame\win32\bg_cpu.cpp">
      <Filter>Source Files\bgame\win32</Filter>
    </ClCompile>
    <ClCompile Include="..\bgame\win32\Process.cpp">
      <Filter>Source Files\bgame\win32</Filter>
    </ClCompile>
    <ClCompile Include="..\bgame\str\PairDump.cpp">
      <Filter>Source Files\bgame\str</Filter>
    </ClCompile>
    <ClCompile Include="..\bgame\str\util.cpp">
      <Filter>Source Files\bgame\str</Filter>
    </ClCompile>
    <ClCompile Include="..\bgame\cvar\Cvar.cpp">
      <Filter>Source Files\bgame\cvar</Filter>
    </ClCompile>
    <ClCompile Include="..\ui\ui_shared.cpp">
      <Filter>Source Files\ui</Filter>
    </ClCompile>
  </ItemGroup>
  <ItemGroup>
    <None Include="..\bgame\bg_entity_event.cpp.inc">
      <Filter>Source Files\bgame</Filter>
    </None>
    <None Include="..\bgame\bg_entity_event.h.inc">
      <Filter>Header Files\bgame</Filter>
    </None>
    <None Include="cgame.def" />
  </ItemGroup>
  <ItemGroup>
    <ClInclude Include="CBulletVolume.h">
      <Filter>Header Files\cgame</Filter>
    </ClInclude>
    <ClInclude Include="cg_local.h">
      <Filter>Header Files\cgame</Filter>
    </ClInclude>
    <ClInclude Include="cg_molotov.h">
      <Filter>Header Files\cgame</Filter>
    </ClInclude>
    <ClInclude Include="cg_public.h">
      <Filter>Header Files\cgame</Filter>
    </ClInclude>
    <ClInclude Include="cg_text.h">
      <Filter>Header Files\cgame</Filter>
    </ClInclude>
    <ClInclude Include="CHitVolume.h">
      <Filter>Header Files\cgame</Filter>
    </ClInclude>
    <ClInclude Include="Console.h">
      <Filter>Header Files\cgame</Filter>
    </ClInclude>
    <ClInclude Include="Font.h">
      <Filter>Header Files\cgame</Filter>
    </ClInclude>
    <ClInclude Include="Location.h">
      <Filter>Header Files\cgame</Filter>
    </ClInclude>
    <ClInclude Include="LocationDB.h">
      <Filter>Header Files\cgame</Filter>
    </ClInclude>
    <ClInclude Include="tr_types.h">
      <Filter>Header Files\cgame</Filter>
    </ClInclude>
    <ClInclude Include="cvar\Cvar.h">
      <Filter>Header Files\cgame\cvar</Filter>
    </ClInclude>
    <ClInclude Include="cvar\impl.h">
      <Filter>Header Files\cgame\cvar</Filter>
    </ClInclude>
    <ClInclude Include="cvar\public.h">
      <Filter>Header Files\cgame\cvar</Filter>
    </ClInclude>
    <ClInclude Include="cvar\util.h">
      <Filter>Header Files\cgame\cvar</Filter>
    </ClInclude>
    <ClInclude Include="..\bgame\bg_attack2.h">
      <Filter>Header Files\bgame</Filter>
    </ClInclude>
    <ClInclude Include="..\bgame\bg_jaymod.h">
      <Filter>Header Files\bgame</Filter>
    </ClInclude>
    <ClInclude Include="..\bgame\bg_local.h">
      <Filter>Header Files\bgame</Filter>
    </ClInclude>
    <ClInclude Include="..\bgame\bg_molotov.h">
      <Filter>Header Files\bgame</Filter>
    </ClInclude>
    <ClInclude Include="..\bgame\bg_public.h">
      <Filter>Header Files\bgame</Filter>
    </ClInclude>
    <ClInclude Include="..\bgame\Engine.h">
      <Filter>Header Files\bgame</Filter>
    </ClInclude>
    <ClInclude Include="..\bgame\impl.h">
      <Filter>Header Files\bgame</Filter>
    </ClInclude>
    <ClInclude Include="..\bgame\Logger.h">
      <Filter>Header Files\bgame</Filter>
    </ClInclude>
    <ClInclude Include="..\bgame\NewAllocator.h">
      <Filter>Header Files\bgame</Filter>
    </ClInclude>
    <ClInclude Include="..\bgame\Process.h">
      <Filter>Header Files\bgame</Filter>
    </ClInclude>
    <ClInclude Include="..\bgame\q_shared.h">
      <Filter>Header Files\bgame</Filter>
    </ClInclude>
    <ClInclude Include="..\bgame\SampledStat.h">
      <Filter>Header Files\bgame</Filter>
    </ClInclude>
    <ClInclude Include="..\bgame\surfaceflags.h">
      <Filter>Header Files\bgame</Filter>
    </ClInclude>
    <ClInclude Include="..\bgame\str\PairDump.h">
      <Filter>Header Files\bgame\win32</Filter>
    </ClInclude>
    <ClInclude Include="..\bgame\str\public.h">
      <Filter>Header Files\bgame\win32</Filter>
    </ClInclude>
    <ClInclude Include="..\bgame\str\util.h">
      <Filter>Header Files\bgame\win32</Filter>
    </ClInclude>
    <ClInclude Include="..\bgame\cvar\Cvar.h">
      <Filter>Header Files\bgame\cvar</Filter>
    </ClInclude>
    <ClInclude Include="..\bgame\cvar\impl.h">
      <Filter>Header Files\bgame\cvar</Filter>
    </ClInclude>
    <ClInclude Include="..\bgame\cvar\public.h">
      <Filter>Header Files\bgame\cvar</Filter>
    </ClInclude>
    <ClInclude Include="..\ui\ui_shared.h">
      <Filter>Header Files\ui</Filter>
    </ClInclude>
  </ItemGroup>
</Project>